# This file is autogenerated, do not edit; changes may be undone by the next 'dep ensure'.


[[projects]]
  branch = "master"
  digest = "1:03b79024e6e6a322c20fa2631c8c2b4d0c15bf5ec133272b67227439555728b6"
  name = "github.com/bearmini/go-acl"
  packages = [
    ".",
    "api",
  ]
  pruneopts = ""
  revision = "a423b25ba3ef3afa637b85a6222ccf2abffd01c6"

[[projects]]
  branch = "master"
  digest = "1:21934b55dd42f6dbd3ee9abbc787f0f8d4b05d5fd54ac51821019481f835e26f"
  name = "github.com/elazarl/goproxy"
  packages = ["."]
  pruneopts = ""
  revision = "f58a169a71a51037728990b2d3597a14f56b525b"

[[projects]]
  digest = "1:870d441fe217b8e689d7949fef6e43efbc787e50f200cb1e70dbca9204a1d6be"
  name = "github.com/inconshreveable/mousetrap"
  packages = ["."]
  pruneopts = ""
  revision = "76626ae9c91c4f2a10f34cad8ce83ea42c93bb75"
  version = "v1.0"

[[projects]]
  branch = "master"
  digest = "1:860e1118ccf3d852a848b510624521344c0d4d0f35026ae2438fa96a0ec28740"
  name = "github.com/jessevdk/go-assets"
  packages = ["."]
  pruneopts = ""
  revision = "4f4301a06e153ff90e17793577ab6bf79f8dc5c5"

[[projects]]
  digest = "1:717859f53ed0a55fab7284704ecaac4b0d292f4caca5ceaa2afd512be49189ea"
  name = "github.com/kennygrant/sanitize"
  packages = ["."]
  pruneopts = ""
  revision = "06ec0d0dbcd497d01e5189b16f5263f712e61a8e"
  version = "v1.2.4"

[[projects]]
  branch = "master"
  digest = "1:096a8a9182648da3d00ff243b88407838902b6703fc12657f76890e08d1899bf"
  name = "github.com/mitchellh/go-homedir"
  packages = ["."]
  pruneopts = ""
  revision = "ae18d6b8b3205b561c79e8e5f69bff09736185f4"

[[projects]]
  digest = "1:a1403cc8a94b8d7956ee5e9694badef0e7b051af289caad1cf668331e3ffa4f6"
  name = "github.com/spf13/cobra"
  packages = ["."]
  pruneopts = ""
  revision = "ef82de70bb3f60c65fb8eebacbb2d122ef517385"
  version = "v0.0.3"

[[projects]]
  digest = "1:cbaf13cdbfef0e4734ed8a7504f57fe893d471d62a35b982bf6fb3f036449a66"
  name = "github.com/spf13/pflag"
  packages = ["."]
  pruneopts = ""
  revision = "298182f68c66c05229eb03ac171abe6e309ee79a"
  version = "v1.0.3"

[[projects]]
  branch = "master"
  digest = "1:6914c49eed986dfb8dffb33516fa129c49929d4d873f41e073c83c11c372b870"
  name = "golang.org/x/crypto"
  packages = ["ssh/terminal"]
  pruneopts = ""
  revision = "e3636079e1a4c1f337f212cc5cd2aca108f6c900"

[[projects]]
  branch = "master"
  digest = "1:db4fdf03f745823eff6c2f06cd50eb447a7b77f307079cf5220e1621a1d63593"
  name = "golang.org/x/net"
  packages = [
    "html",
    "html/atom",
  ]
  pruneopts = ""
  revision = "f5e5bdd778241bfefa8627f7124c39cd6ad8d74f"

[[projects]]
  branch = "master"
  digest = "1:69e22fc503ccbebfa61f4eb1799d905b7100f86458a62589103541f3dd15dd36"
  name = "golang.org/x/sys"
  packages = [
    "unix",
    "windows",
  ]
  pruneopts = ""
  revision = "af653ce8b74f808d092db8ca9741fbb63d2a469d"

[[projects]]
  branch = "v2"
  digest = "1:f0620375dd1f6251d9973b5f2596228cc8042e887cd7f827e4220bc1ce8c30e2"
  name = "gopkg.in/yaml.v2"
  packages = ["."]
  pruneopts = ""
  revision = "5420a8b6744d3b0345ab293f6fcba19c978f1183"

[solve-meta]
  analyzer-name = "dep"
  analyzer-version = 1
  input-imports = [
    "github.com/bearmini/go-acl",
    "github.com/bearmini/go-acl/api",
    "github.com/elazarl/goproxy",
    "github.com/jessevdk/go-assets",
    "github.com/kennygrant/sanitize",
    "github.com/mitchellh/go-homedir",
    "github.com/spf13/cobra",
    "golang.org/x/crypto/ssh/terminal",
    "golang.org/x/sys/windows",
    "gopkg.in/yaml.v2",
  ]
  solver-name = "gps-cdcl"
  solver-version = 1
